lockfileVersion: '9.0'

settings:
  autoInstallPeers: true
  excludeLinksFromLockfile: false

importers:

  .:
    dependencies:
      fast-json-stable-stringify:
        specifier: ^2.1.0
        version: 2.1.0
      idb:
        specifier: ^8.0.0
        version: 8.0.2
      lodash:
        specifier: ^4.17.21
        version: 4.17.21
      uuid:
        specifier: ^9.0.1
        version: 9.0.1
      zod:
        specifier: ^3.22.4
        version: 3.24.1
    devDependencies:
      '@types/lodash':
        specifier: ^4.17.0
        version: 4.17.15
      '@types/uuid':
        specifier: ^9.0.2
        version: 9.0.8
      prettier:
        specifier: ^3.4.2
        version: 3.4.2
      typescript:
        specifier: ^5.7.3
        version: 5.7.3

packages:

  '@types/lodash@4.17.15':
    resolution: {integrity: sha512-w/P33JFeySuhN6JLkysYUK2gEmy9kHHFN7E8ro0tkfmlDOgxBDzWEZ/J8cWA+fHqFevpswDTFZnDx+R9lbL6xw==}

  '@types/uuid@9.0.8':
    resolution: {integrity: sha512-jg+97EGIcY9AGHJJRaaPVgetKDsrTgbRjQ5Msgjh/DQKEFl0DtyRr/VCOyD1T2R1MNeWPK/u7JoGhlDZnKBAfA==}

  fast-json-stable-stringify@2.1.0:
    resolution: {integrity: sha512-lhd/wF+Lk98HZoTCtlVraHtfh5XYijIjalXck7saUtuanSDyLMxnHhSXEDJqHxD7msR8D0uCmqlkwjCV8xvwHw==}

  idb@8.0.2:
    resolution: {integrity: sha512-CX70rYhx7GDDQzwwQMDwF6kDRQi5vVs6khHUumDrMecBylKkwvZ8HWvKV08AGb7VbpoGCWUQ4aHzNDgoUiOIUg==}

  lodash@4.17.21:
    resolution: {integrity: sha512-v2kDEe57lecTulaDIuNTPy3Ry4gLGJ6Z1O3vE1krgXZNrsQ+LFTGHVxVjcXPs17LhbZVGedAJv8XZ1tvj5FvSg==}

  prettier@3.4.2:
    resolution: {integrity: sha512-e9MewbtFo+Fevyuxn/4rrcDAaq0IYxPGLvObpQjiZBMAzB9IGmzlnG9RZy3FFas+eBMu2vA0CszMeduow5dIuQ==}
    engines: {node: '>=14'}
    hasBin: true

  typescript@5.7.3:
    resolution: {integrity: sha512-84MVSjMEHP+FQRPy3pX9sTVV/INIex71s9TL2Gm5FG/WG1SqXeKyZ0k7/blY/4FdOzI12CBy1vGc4og/eus0fw==}
    engines: {node: '>=14.17'}
    hasBin: true

  uuid@9.0.1:
    resolution: {integrity: sha512-b+1eJOlsR9K8HJpow9Ok3fiWOWSIcIzXodvv0rQjVoOVNpWMpxf1wZNpt4y9h10odCNrqnYp1OBzRktckBe3sA==}
    hasBin: true

  zod@3.24.1:
    resolution: {integrity: sha512-muH7gBL9sI1nciMZV67X5fTKKBLtwpZ5VBp1vsOQzj1MhrBZ4wlVCm3gedKZWLp0Oyel8sIGfeiz54Su+OVT+A==}

snapshots:

  '@types/lodash@4.17.15': {}

  '@types/uuid@9.0.8': {}

  fast-json-stable-stringify@2.1.0: {}

  idb@8.0.2: {}

  lodash@4.17.21: {}

  prettier@3.4.2: {}

  typescript@5.7.3: {}

  uuid@9.0.1: {}

  zod@3.24.1: {}
